dependencies:
- name: strapi
  repository: oci://oci.trueforge.org/truecharts
  version: 18.9.0
- name: base
  repository: https://dasmeta.github.io/helm
  version: 0.3.32
- name: base
  repository: https://dasmeta.github.io/helm
  version: 0.3.32
- name: base
  repository: https://dasmeta.github.io/helm
  version: 0.3.32
- name: base
  repository: https://dasmeta.github.io/helm
  version: 0.3.32
- name: base
  repository: https://dasmeta.github.io/helm
  version: 0.3.32
digest: sha256:737fb4230169bb852d3e6c0a09462480b51e6007f8890ce56e717897e84f1e10
generated: "2026-08-17T17:07:33.786974+04:00"
