dependencies:
- name: strapi
  repository: oci://oci.trueforge.org/truecharts
  version: 18.9.0
- name: base
  repository: https://dasmeta.github.io/helm
  version: 0.3.33
- name: base
  repository: https://dasmeta.github.io/helm
  version: 0.3.33
- name: base
  repository: https://dasmeta.github.io/helm
  version: 0.3.33
- name: base
  repository: https://dasmeta.github.io/helm
  version: 0.3.33
- name: base
  repository: https://dasmeta.github.io/helm
  version: 0.3.33
digest: sha256:1afcfc65b075e1fd7baa967853d8897b3048c42b8be9c1fc7245b12a6ac72553
generated: "2026-08-17T16:49:40.399328+04:00"
