dependencies:
- name: base
  repository: https://dasmeta.github.io/helm
  version: 0.3.14
- name: base-cronjob
  repository: https://dasmeta.github.io/helm
  version: 0.1.34
digest: sha256:d83b7c9c47cf7c7405be01c47402cf5cb9f09c5abcd36406174928799e554183
generated: "2026-01-15T11:51:27.314267+04:00"
