dependencies:
- name: base
  repository: https://dasmeta.github.io/helm
  version: 0.3.23
- name: base-cronjob
  repository: https://dasmeta.github.io/helm
  version: 0.1.38
digest: sha256:8be32dfcf56a0710f0f59371e16931d58804ade3782bf5d196be74ff23da2ba9
generated: "2026-03-13T18:49:14.614641+04:00"
