dependencies:
- name: gateway-api
  repository: https://dasmeta.github.io/helm
  version: 0.1.3
- name: zero-trust-mesh
  repository: https://dasmeta.github.io/helm
  version: 0.1.3
digest: sha256:e7ff901ebce4f9fa8dbaea29f55b6504a4c102dfab5184ab65516eb11cbbfdbb
generated: "2026-05-12T18:41:21.80521+04:00"
